
Microsoft Visual Studio Solution File, Format Version 12.00
# Visual Studio 14
VisualStudioVersion = 14.0.25420.1
MinimumVisualStudioVersion = 10.0.40219.1
Project("{8BC9CEB8-8B4A-11D0-8D11-00A0C91BC942}") = "Servidor", "TP_SO2_1617\TP_SO2_1617.vcxproj", "{30A986BE-8351-4EAB-B3BB-F9B412044C92}"
EndProject
Project("{8BC9CEB8-8B4A-11D0-8D11-00A0C91BC942}") = "ClienteConsola", "ClienteConsola\ClienteConsola.vcxproj", "{94292A5B-78A2-438C-BF2D-C54EFB6EFF58}"
EndProject
Project("{8BC9CEB8-8B4A-11D0-8D11-00A0C91BC942}") = "DLL_TP", "DLL_TP\DLL_TP.vcxproj", "{48C4A048-0332-48A2-8F95-4EF26E654908}"
EndProject
Global
	GlobalSection(SolutionConfigurationPlatforms) = preSolution
		Debug|x64 = Debug|x64
		Debug|x86 = Debug|x86
		Release|x64 = Release|x64
		Release|x86 = Release|x86
	EndGlobalSection
	GlobalSection(ProjectConfigurationPlatforms) = postSolution
		{30A986BE-8351-4EAB-B3BB-F9B412044C92}.Debug|x64.ActiveCfg = Debug|x64
		{30A986BE-8351-4EAB-B3BB-F9B412044C92}.Debug|x64.Build.0 = Debug|x64
		{30A986BE-8351-4EAB-B3BB-F9B412044C92}.Debug|x86.ActiveCfg = Debug|Win32
		{30A986BE-8351-4EAB-B3BB-F9B412044C92}.Debug|x86.Build.0 = Debug|Win32
		{30A986BE-8351-4EAB-B3BB-F9B412044C92}.Release|x64.ActiveCfg = Release|x64
		{30A986BE-8351-4EAB-B3BB-F9B412044C92}.Release|x64.Build.0 = Release|x64
		{30A986BE-8351-4EAB-B3BB-F9B412044C92}.Release|x86.ActiveCfg = Release|Win32
		{30A986BE-8351-4EAB-B3BB-F9B412044C92}.Release|x86.Build.0 = Release|Win32
		{94292A5B-78A2-438C-BF2D-C54EFB6EFF58}.Debug|x64.ActiveCfg = Debug|x64
		{94292A5B-78A2-438C-BF2D-C54EFB6EFF58}.Debug|x64.Build.0 = Debug|x64
		{94292A5B-78A2-438C-BF2D-C54EFB6EFF58}.Debug|x86.ActiveCfg = Debug|Win32
		{94292A5B-78A2-438C-BF2D-C54EFB6EFF58}.Debug|x86.Build.0 = Debug|Win32
		{94292A5B-78A2-438C-BF2D-C54EFB6EFF58}.Release|x64.ActiveCfg = Release|x64
		{94292A5B-78A2-438C-BF2D-C54EFB6EFF58}.Release|x64.Build.0 = Release|x64
		{94292A5B-78A2-438C-BF2D-C54EFB6EFF58}.Release|x86.ActiveCfg = Release|Win32
		{94292A5B-78A2-438C-BF2D-C54EFB6EFF58}.Release|x86.Build.0 = Release|Win32
		{48C4A048-0332-48A2-8F95-4EF26E654908}.Debug|x64.ActiveCfg = Debug|x64
		{48C4A048-0332-48A2-8F95-4EF26E654908}.Debug|x64.Build.0 = Debug|x64
		{48C4A048-0332-48A2-8F95-4EF26E654908}.Debug|x86.ActiveCfg = Debug|Win32
		{48C4A048-0332-48A2-8F95-4EF26E654908}.Debug|x86.Build.0 = Debug|Win32
		{48C4A048-0332-48A2-8F95-4EF26E654908}.Release|x64.ActiveCfg = Release|x64
		{48C4A048-0332-48A2-8F95-4EF26E654908}.Release|x64.Build.0 = Release|x64
		{48C4A048-0332-48A2-8F95-4EF26E654908}.Release|x86.ActiveCfg = Release|Win32
		{48C4A048-0332-48A2-8F95-4EF26E654908}.Release|x86.Build.0 = Release|Win32
	EndGlobalSection
	GlobalSection(SolutionProperties) = preSolution
		HideSolutionNode = FALSE
	EndGlobalSection
EndGlobal
